// !$*UTF8*$!
{
	archiveVersion = 1;
	classes = {
	};
	objectVersion = 46;
	objects = {

/* Begin PBXBuildFile section */
		D34F57AF1B7C4CF700C18859 /* ImageSearchDetailViewController.m in Sources */ = {isa = PBXBuildFile; fileRef = D34F57AE1B7C4CF700C18859 /* ImageSearchDetailViewController.m */; };
		D352D8811B7D9890002BAC4F /* ImageSearchDetailViewController.xib in Resources */ = {isa = PBXBuildFile; fileRef = D352D8801B7D9890002BAC4F /* ImageSearchDetailViewController.xib */; };
		D3C4A7801B796B6B00D06FD8 /* ImageSearchSearchResultCell.m in Sources */ = {isa = PBXBuildFile; fileRef = D3C4A77F1B796B6B00D06FD8 /* ImageSearchSearchResultCell.m */; };
		D3C4A7851B79A37000D06FD8 /* ImageSearchHistoryController.m in Sources */ = {isa = PBXBuildFile; fileRef = D3C4A7841B79A37000D06FD8 /* ImageSearchHistoryController.m */; };
		D3CA2E2C1B72DBF800D77292 /* main.m in Sources */ = {isa = PBXBuildFile; fileRef = D3CA2E2B1B72DBF800D77292 /* main.m */; };
		D3CA2E2F1B72DBF800D77292 /* AppDelegate.m in Sources */ = {isa = PBXBuildFile; fileRef = D3CA2E2E1B72DBF800D77292 /* AppDelegate.m */; };
		D3CA2E351B72DBF800D77292 /* Main.storyboard in Resources */ = {isa = PBXBuildFile; fileRef = D3CA2E331B72DBF800D77292 /* Main.storyboard */; };
		D3CA2E371B72DBF800D77292 /* Images.xcassets in Resources */ = {isa = PBXBuildFile; fileRef = D3CA2E361B72DBF800D77292 /* Images.xcassets */; };
		D3CA2E3A1B72DBF800D77292 /* LaunchScreen.xib in Resources */ = {isa = PBXBuildFile; fileRef = D3CA2E381B72DBF800D77292 /* LaunchScreen.xib */; };
		D3CA2E461B72DBF800D77292 /* ImageSearchTests.m in Sources */ = {isa = PBXBuildFile; fileRef = D3CA2E451B72DBF800D77292 /* ImageSearchTests.m */; };
		D3CA2E531B72E0AD00D77292 /* ImageSearchTabBarController.m in Sources */ = {isa = PBXBuildFile; fileRef = D3CA2E521B72E0AD00D77292 /* ImageSearchTabBarController.m */; };
		D3CA2E561B72E0E900D77292 /* ImageSearchHistoryViewController.m in Sources */ = {isa = PBXBuildFile; fileRef = D3CA2E551B72E0E900D77292 /* ImageSearchHistoryViewController.m */; };
		D3CA2E591B72E50300D77292 /* ImageSearchSearchViewController.m in Sources */ = {isa = PBXBuildFile; fileRef = D3CA2E581B72E50300D77292 /* ImageSearchSearchViewController.m */; };
		D3CA2E5C1B72E60600D77292 /* ImageSearchSearchResultsViewController.m in Sources */ = {isa = PBXBuildFile; fileRef = D3CA2E5B1B72E60600D77292 /* ImageSearchSearchResultsViewController.m */; };
		D3CA2E621B72E90900D77292 /* ImageSearchSearchController.m in Sources */ = {isa = PBXBuildFile; fileRef = D3CA2E611B72E90900D77292 /* ImageSearchSearchController.m */; };
		D3D48E181B72F92E00269027 /* AsyncImageView.m in Sources */ = {isa = PBXBuildFile; fileRef = D3D48E171B72F92E00269027 /* AsyncImageView.m */; };
		D3D48E1B1B72FA5D00269027 /* ImageSearchPhoto.m in Sources */ = {isa = PBXBuildFile; fileRef = D3D48E1A1B72FA5D00269027 /* ImageSearchPhoto.m */; };
/* End PBXBuildFile section */

/* Begin PBXContainerItemProxy section */
		D3CA2E401B72DBF800D77292 /* PBXContainerItemProxy */ = {
			isa = PBXContainerItemProxy;
			containerPortal = D3CA2E1E1B72DBF800D77292 /* Project object */;
			proxyType = 1;
			remoteGlobalIDString = D3CA2E251B72DBF800D77292;
			remoteInfo = ImageSearch;
		};
/* End PBXContainerItemProxy section */

/* Begin PBXFileReference section */
		D34F57AD1B7C4CF700C18859 /* ImageSearchDetailViewController.h */ = {isa = PBXFileReference; fileEncoding = 4; lastKnownFileType = sourcecode.c.h; path = ImageSearchDetailViewController.h; sourceTree = "<group>"; };
		D34F57AE1B7C4CF700C18859 /* ImageSearchDetailViewController.m */ = {isa = PBXFileReference; fileEncoding = 4; lastKnownFileType = sourcecode.c.objc; path = ImageSearchDetailViewController.m; sourceTree = "<group>"; };
		D352D8801B7D9890002BAC4F /* ImageSearchDetailViewController.xib */ = {isa = PBXFileReference; fileEncoding = 4; lastKnownFileType = file.xib; path = ImageSearchDetailViewController.xib; sourceTree = "<group>"; };
		D3C4A77E1B796B6B00D06FD8 /* ImageSearchSearchResultCell.h */ = {isa = PBXFileReference; fileEncoding = 4; lastKnownFileType = sourcecode.c.h; path = ImageSearchSearchResultCell.h; sourceTree = "<group>"; };
		D3C4A77F1B796B6B00D06FD8 /* ImageSearchSearchResultCell.m */ = {isa = PBXFileReference; fileEncoding = 4; lastKnownFileType = sourcecode.c.objc; path = ImageSearchSearchResultCell.m; sourceTree = "<group>"; };
		D3C4A7831B79A37000D06FD8 /* ImageSearchHistoryController.h */ = {isa = PBXFileReference; fileEncoding = 4; lastKnownFileType = sourcecode.c.h; path = ImageSearchHistoryController.h; sourceTree = "<group>"; };
		D3C4A7841B79A37000D06FD8 /* ImageSearchHistoryController.m */ = {isa = PBXFileReference; fileEncoding = 4; lastKnownFileType = sourcecode.c.objc; path = ImageSearchHistoryController.m; sourceTree = "<group>"; };
		D3CA2E261B72DBF800D77292 /* ImageSearch.app */ = {isa = PBXFileReference; explicitFileType = wrapper.application; includeInIndex = 0; path = ImageSearch.app; sourceTree = BUILT_PRODUCTS_DIR; };
		D3CA2E2A1B72DBF800D77292 /* Info.plist */ = {isa = PBXFileReference; lastKnownFileType = text.plist.xml; path = Info.plist; sourceTree = "<group>"; };
		D3CA2E2B1B72DBF800D77292 /* main.m */ = {isa = PBXFileReference; lastKnownFileType = sourcecode.c.objc; path = main.m; sourceTree = "<group>"; };
		D3CA2E2D1B72DBF800D77292 /* AppDelegate.h */ = {isa = PBXFileReference; lastKnownFileType = sourcecode.c.h; path = AppDelegate.h; sourceTree = "<group>"; };
		D3CA2E2E1B72DBF800D77292 /* AppDelegate.m */ = {isa = PBXFileReference; lastKnownFileType = sourcecode.c.objc; path = AppDelegate.m; sourceTree = "<group>"; };
		D3CA2E341B72DBF800D77292 /* Base */ = {isa = PBXFileReference; lastKnownFileType = file.storyboard; name = Base; path = Base.lproj/Main.storyboard; sourceTree = "<group>"; };
		D3CA2E361B72DBF800D77292 /* Images.xcassets */ = {isa = PBXFileReference; lastKnownFileType = folder.assetcatalog; path = Images.xcassets; sourceTree = "<group>"; };
		D3CA2E391B72DBF800D77292 /* Base */ = {isa = PBXFileReference; lastKnownFileType = file.xib; name = Base; path = Base.lproj/LaunchScreen.xib; sourceTree = "<group>"; };
		D3CA2E3F1B72DBF800D77292 /* ImageSearchTests.xctest */ = {isa = PBXFileReference; explicitFileType = wrapper.cfbundle; includeInIndex = 0; path = ImageSearchTests.xctest; sourceTree = BUILT_PRODUCTS_DIR; };
		D3CA2E441B72DBF800D77292 /* Info.plist */ = {isa = PBXFileReference; lastKnownFileType = text.plist.xml; path = Info.plist; sourceTree = "<group>"; };
		D3CA2E451B72DBF800D77292 /* ImageSearchTests.m */ = {isa = PBXFileReference; lastKnownFileType = sourcecode.c.objc; path = ImageSearchTests.m; sourceTree = "<group>"; };
		D3CA2E511B72E0AD00D77292 /* ImageSearchTabBarController.h */ = {isa = PBXFileReference; fileEncoding = 4; lastKnownFileType = sourcecode.c.h; path = ImageSearchTabBarController.h; sourceTree = "<group>"; };
		D3CA2E521B72E0AD00D77292 /* ImageSearchTabBarController.m */ = {isa = PBXFileReference; fileEncoding = 4; lastKnownFileType = sourcecode.c.objc; path = ImageSearchTabBarController.m; sourceTree = "<group>"; };
		D3CA2E541B72E0E900D77292 /* ImageSearchHistoryViewController.h */ = {isa = PBXFileReference; fileEncoding = 4; lastKnownFileType = sourcecode.c.h; path = ImageSearchHistoryViewController.h; sourceTree = "<group>"; };
		D3CA2E551B72E0E900D77292 /* ImageSearchHistoryViewController.m */ = {isa = PBXFileReference; fileEncoding = 4; lastKnownFileType = sourcecode.c.objc; path = ImageSearchHistoryViewController.m; sourceTree = "<group>"; };
		D3CA2E571B72E50300D77292 /* ImageSearchSearchViewController.h */ = {isa = PBXFileReference; fileEncoding = 4; lastKnownFileType = sourcecode.c.h; path = ImageSearchSearchViewController.h; sourceTree = "<group>"; };
		D3CA2E581B72E50300D77292 /* ImageSearchSearchViewController.m */ = {isa = PBXFileReference; fileEncoding = 4; lastKnownFileType = sourcecode.c.objc; path = ImageSearchSearchViewController.m; sourceTree = "<group>"; };
		D3CA2E5A1B72E60600D77292 /* ImageSearchSearchResultsViewController.h */ = {isa = PBXFileReference; fileEncoding = 4; lastKnownFileType = sourcecode.c.h; path = ImageSearchSearchResultsViewController.h; sourceTree = "<group>"; };
		D3CA2E5B1B72E60600D77292 /* ImageSearchSearchResultsViewController.m */ = {isa = PBXFileReference; fileEncoding = 4; lastKnownFileType = sourcecode.c.objc; path = ImageSearchSearchResultsViewController.m; sourceTree = "<group>"; };
		D3CA2E601B72E90900D77292 /* ImageSearchSearchController.h */ = {isa = PBXFileReference; fileEncoding = 4; lastKnownFileType = sourcecode.c.h; path = ImageSearchSearchController.h; sourceTree = "<group>"; };
		D3CA2E611B72E90900D77292 /* ImageSearchSearchController.m */ = {isa = PBXFileReference; fileEncoding = 4; lastKnownFileType = sourcecode.c.objc; path = ImageSearchSearchController.m; sourceTree = "<group>"; };
		D3D48E161B72F92E00269027 /* AsyncImageView.h */ = {isa = PBXFileReference; fileEncoding = 4; lastKnownFileType = sourcecode.c.h; path = AsyncImageView.h; sourceTree = "<group>"; };
		D3D48E171B72F92E00269027 /* AsyncImageView.m */ = {isa = PBXFileReference; fileEncoding = 4; lastKnownFileType = sourcecode.c.objc; path = AsyncImageView.m; sourceTree = "<group>"; };
		D3D48E191B72FA5D00269027 /* ImageSearchPhoto.h */ = {isa = PBXFileReference; fileEncoding = 4; lastKnownFileType = sourcecode.c.h; path = ImageSearchPhoto.h; sourceTree = "<group>"; };
		D3D48E1A1B72FA5D00269027 /* ImageSearchPhoto.m */ = {isa = PBXFileReference; fileEncoding = 4; lastKnownFileType = sourcecode.c.objc; path = ImageSearchPhoto.m; sourceTree = "<group>"; };
/* End PBXFileReference section */

/* Begin PBXFrameworksBuildPhase section */
		D3CA2E231B72DBF800D77292 /* Frameworks */ = {
			isa = PBXFrameworksBuildPhase;
			buildActionMask = 2147483647;
			files = (
			);
			runOnlyForDeploymentPostprocessing = 0;
		};
		D3CA2E3C1B72DBF800D77292 /* Frameworks */ = {
			isa = PBXFrameworksBuildPhase;
			buildActionMask = 2147483647;
			files = (
			);
			runOnlyForDeploymentPostprocessing = 0;
		};
/* End PBXFrameworksBuildPhase section */

/* Begin PBXGroup section */
		D3CA2E1D1B72DBF800D77292 = {
			isa = PBXGroup;
			children = (
				D3CA2E281B72DBF800D77292 /* ImageSearch */,
				D3CA2E421B72DBF800D77292 /* ImageSearchTests */,
				D3CA2E271B72DBF800D77292 /* Products */,
			);
			sourceTree = "<group>";
		};
		D3CA2E271B72DBF800D77292 /* Products */ = {
			isa = PBXGroup;
			children = (
				D3CA2E261B72DBF800D77292 /* ImageSearch.app */,
				D3CA2E3F1B72DBF800D77292 /* ImageSearchTests.xctest */,
			);
			name = Products;
			sourceTree = "<group>";
		};
		D3CA2E281B72DBF800D77292 /* ImageSearch */ = {
			isa = PBXGroup;
			children = (
				D3CA2E2D1B72DBF800D77292 /* AppDelegate.h */,
				D3CA2E2E1B72DBF800D77292 /* AppDelegate.m */,
				D3D48E161B72F92E00269027 /* AsyncImageView.h */,
				D3D48E171B72F92E00269027 /* AsyncImageView.m */,
				D3CA2E361B72DBF800D77292 /* Images.xcassets */,
				D34F57AD1B7C4CF700C18859 /* ImageSearchDetailViewController.h */,
				D34F57AE1B7C4CF700C18859 /* ImageSearchDetailViewController.m */,
				D352D8801B7D9890002BAC4F /* ImageSearchDetailViewController.xib */,
				D3C4A7831B79A37000D06FD8 /* ImageSearchHistoryController.h */,
				D3C4A7841B79A37000D06FD8 /* ImageSearchHistoryController.m */,
				D3CA2E541B72E0E900D77292 /* ImageSearchHistoryViewController.h */,
				D3CA2E551B72E0E900D77292 /* ImageSearchHistoryViewController.m */,
				D3D48E191B72FA5D00269027 /* ImageSearchPhoto.h */,
				D3D48E1A1B72FA5D00269027 /* ImageSearchPhoto.m */,
				D3CA2E601B72E90900D77292 /* ImageSearchSearchController.h */,
				D3CA2E611B72E90900D77292 /* ImageSearchSearchController.m */,
				D3C4A77E1B796B6B00D06FD8 /* ImageSearchSearchResultCell.h */,
				D3C4A77F1B796B6B00D06FD8 /* ImageSearchSearchResultCell.m */,
				D3CA2E5A1B72E60600D77292 /* ImageSearchSearchResultsViewController.h */,
				D3CA2E5B1B72E60600D77292 /* ImageSearchSearchResultsViewController.m */,
				D3CA2E571B72E50300D77292 /* ImageSearchSearchViewController.h */,
				D3CA2E581B72E50300D77292 /* ImageSearchSearchViewController.m */,
				D3CA2E511B72E0AD00D77292 /* ImageSearchTabBarController.h */,
				D3CA2E521B72E0AD00D77292 /* ImageSearchTabBarController.m */,
				D3CA2E381B72DBF800D77292 /* LaunchScreen.xib */,
				D3CA2E331B72DBF800D77292 /* Main.storyboard */,
				D3CA2E291B72DBF800D77292 /* Supporting Files */,
			);
			path = ImageSearch;
			sourceTree = "<group>";
		};
		D3CA2E291B72DBF800D77292 /* Supporting Files */ = {
			isa = PBXGroup;
			children = (
				D3CA2E2A1B72DBF800D77292 /* Info.plist */,
				D3CA2E2B1B72DBF800D77292 /* main.m */,
			);
			name = "Supporting Files";
			sourceTree = "<group>";
		};
		D3CA2E421B72DBF800D77292 /* ImageSearchTests */ = {
			isa = PBXGroup;
			children = (
				D3CA2E451B72DBF800D77292 /* ImageSearchTests.m */,
				D3CA2E431B72DBF800D77292 /* Supporting Files */,
			);
			path = ImageSearchTests;
			sourceTree = "<group>";
		};
		D3CA2E431B72DBF800D77292 /* Supporting Files */ = {
			isa = PBXGroup;
			children = (
				D3CA2E441B72DBF800D77292 /* Info.plist */,
			);
			name = "Supporting Files";
			sourceTree = "<group>";
		};
/* End PBXGroup section */

/* Begin PBXNativeTarget section */
		D3CA2E251B72DBF800D77292 /* ImageSearch */ = {
			isa = PBXNativeTarget;
			buildConfigurationList = D3CA2E491B72DBF800D77292 /* Build configuration list for PBXNativeTarget "ImageSearch" */;
			buildPhases = (
				D3CA2E221B72DBF800D77292 /* Sources */,
				D3CA2E231B72DBF800D77292 /* Frameworks */,
				D3CA2E241B72DBF800D77292 /* Resources */,
			);
			buildRules = (
			);
			dependencies = (
			);
			name = ImageSearch;
			productName = ImageSearch;
			productReference = D3CA2E261B72DBF800D77292 /* ImageSearch.app */;
			productType = "com.apple.product-type.application";
		};
		D3CA2E3E1B72DBF800D77292 /* ImageSearchTests */ = {
			isa = PBXNativeTarget;
			buildConfigurationList = D3CA2E4C1B72DBF800D77292 /* Build configuration list for PBXNativeTarget "ImageSearchTests" */;
			buildPhases = (
				D3CA2E3B1B72DBF800D77292 /* Sources */,
				D3CA2E3C1B72DBF800D77292 /* Frameworks */,
				D3CA2E3D1B72DBF800D77292 /* Resources */,
			);
			buildRules = (
			);
			dependencies = (
				D3CA2E411B72DBF800D77292 /* PBXTargetDependency */,
			);
			name = ImageSearchTests;
			productName = ImageSearchTests;
			productReference = D3CA2E3F1B72DBF800D77292 /* ImageSearchTests.xctest */;
			productType = "com.apple.product-type.bundle.unit-test";
		};
/* End PBXNativeTarget section */

/* Begin PBXProject section */
		D3CA2E1E1B72DBF800D77292 /* Project object */ = {
			isa = PBXProject;
			attributes = {
				LastUpgradeCheck = 0640;
				ORGANIZATIONNAME = "Yash Prasad";
				TargetAttributes = {
					D3CA2E251B72DBF800D77292 = {
						CreatedOnToolsVersion = 6.4;
					};
					D3CA2E3E1B72DBF800D77292 = {
						CreatedOnToolsVersion = 6.4;
						TestTargetID = D3CA2E251B72DBF800D77292;
					};
				};
			};
			buildConfigurationList = D3CA2E211B72DBF800D77292 /* Build configuration list for PBXProject "ImageSearch" */;
			compatibilityVersion = "Xcode 3.2";
			developmentRegion = English;
			hasScannedForEncodings = 0;
			knownRegions = (
				en,
				Base,
			);
			mainGroup = D3CA2E1D1B72DBF800D77292;
			productRefGroup = D3CA2E271B72DBF800D77292 /* Products */;
			projectDirPath = "";
			projectRoot = "";
			targets = (
				D3CA2E251B72DBF800D77292 /* ImageSearch */,
				D3CA2E3E1B72DBF800D77292 /* ImageSearchTests */,
			);
		};
/* End PBXProject section */

/* Begin PBXResourcesBuildPhase section */
		D3CA2E241B72DBF800D77292 /* Resources */ = {
			isa = PBXResourcesBuildPhase;
			buildActionMask = 2147483647;
			files = (
				D3CA2E351B72DBF800D77292 /* Main.storyboard in Resources */,
				D3CA2E3A1B72DBF800D77292 /* LaunchScreen.xib in Resources */,
				D3CA2E371B72DBF800D77292 /* Images.xcassets in Resources */,
				D352D8811B7D9890002BAC4F /* ImageSearchDetailViewController.xib in Resources */,
			);
			runOnlyForDeploymentPostprocessing = 0;
		};
		D3CA2E3D1B72DBF800D77292 /* Resources */ = {
			isa = PBXResourcesBuildPhase;
			buildActionMask = 2147483647;
			files = (
			);
			runOnlyForDeploymentPostprocessing = 0;
		};
/* End PBXResourcesBuildPhase section */

/* Begin PBXSourcesBuildPhase section */
		D3CA2E221B72DBF800D77292 /* Sources */ = {
			isa = PBXSourcesBuildPhase;
			buildActionMask = 2147483647;
			files = (
				D3C4A7851B79A37000D06FD8 /* ImageSearchHistoryController.m in Sources */,
				D3D48E181B72F92E00269027 /* AsyncImageView.m in Sources */,
				D3CA2E5C1B72E60600D77292 /* ImageSearchSearchResultsViewController.m in Sources */,
				D3CA2E2F1B72DBF800D77292 /* AppDelegate.m in Sources */,
				D3C4A7801B796B6B00D06FD8 /* ImageSearchSearchResultCell.m in Sources */,
				D3D48E1B1B72FA5D00269027 /* ImageSearchPhoto.m in Sources */,
				D3CA2E621B72E90900D77292 /* ImageSearchSearchController.m in Sources */,
				D3CA2E591B72E50300D77292 /* ImageSearchSearchViewController.m in Sources */,
				D3CA2E2C1B72DBF800D77292 /* main.m in Sources */,
				D34F57AF1B7C4CF700C18859 /* ImageSearchDetailViewController.m in Sources */,
				D3CA2E561B72E0E900D77292 /* ImageSearchHistoryViewController.m in Sources */,
				D3CA2E531B72E0AD00D77292 /* ImageSearchTabBarController.m in Sources */,
			);
			runOnlyForDeploymentPostprocessing = 0;
		};
		D3CA2E3B1B72DBF800D77292 /* Sources */ = {
			isa = PBXSourcesBuildPhase;
			buildActionMask = 2147483647;
			files = (
				D3CA2E461B72DBF800D77292 /* ImageSearchTests.m in Sources */,
			);
			runOnlyForDeploymentPostprocessing = 0;
		};
/* End PBXSourcesBuildPhase section */

/* Begin PBXTargetDependency section */
		D3CA2E411B72DBF800D77292 /* PBXTargetDependency */ = {
			isa = PBXTargetDependency;
			target = D3CA2E251B72DBF800D77292 /* ImageSearch */;
			targetProxy = D3CA2E401B72DBF800D77292 /* PBXContainerItemProxy */;
		};
/* End PBXTargetDependency section */

/* Begin PBXVariantGroup section */
		D3CA2E331B72DBF800D77292 /* Main.storyboard */ = {
			isa = PBXVariantGroup;
			children = (
				D3CA2E341B72DBF800D77292 /* Base */,
			);
			name = Main.storyboard;
			sourceTree = "<group>";
		};
		D3CA2E381B72DBF800D77292 /* LaunchScreen.xib */ = {
			isa = PBXVariantGroup;
			children = (
				D3CA2E391B72DBF800D77292 /* Base */,
			);
			name = LaunchScreen.xib;
			sourceTree = "<group>";
		};
/* End PBXVariantGroup section */

/* Begin XCBuildConfiguration section */
		D3CA2E471B72DBF800D77292 /* Debug */ = {
			isa = XCBuildConfiguration;
			buildSettings = {
				ALWAYS_SEARCH_USER_PATHS = NO;
				CLANG_CXX_LANGUAGE_STANDARD = "gnu++0x";
				CLANG_CXX_LIBRARY = "libc++";
				CLANG_ENABLE_MODULES = YES;
				CLANG_ENABLE_OBJC_ARC = YES;
				CLANG_WARN_BOOL_CONVERSION = YES;
				CLANG_WARN_CONSTANT_CONVERSION = YES;
				CLANG_WARN_DIRECT_OBJC_ISA_USAGE = YES_ERROR;
				CLANG_WARN_EMPTY_BODY = YES;
				CLANG_WARN_ENUM_CONVERSION = YES;
				CLANG_WARN_INT_CONVERSION = YES;
				CLANG_WARN_OBJC_ROOT_CLASS = YES_ERROR;
				CLANG_WARN_UNREACHABLE_CODE = YES;
				CLANG_WARN__DUPLICATE_METHOD_MATCH = YES;
				"CODE_SIGN_IDENTITY[sdk=iphoneos*]" = "iPhone Developer";
				COPY_PHASE_STRIP = NO;
				DEBUG_INFORMATION_FORMAT = "dwarf-with-dsym";
				ENABLE_STRICT_OBJC_MSGSEND = YES;
				GCC_C_LANGUAGE_STANDARD = gnu99;
				GCC_DYNAMIC_NO_PIC = NO;
				GCC_NO_COMMON_BLOCKS = YES;
				GCC_OPTIMIZATION_LEVEL = 0;
				GCC_PREPROCESSOR_DEFINITIONS = (
					"DEBUG=1",
					"$(inherited)",
				);
				GCC_SYMBOLS_PRIVATE_EXTERN = NO;
				GCC_WARN_64_TO_32_BIT_CONVERSION = YES;
				GCC_WARN_ABOUT_RETURN_TYPE = YES_ERROR;
				GCC_WARN_UNDECLARED_SELECTOR = YES;
				GCC_WARN_UNINITIALIZED_AUTOS = YES_AGGRESSIVE;
				GCC_WARN_UNUSED_FUNCTION = YES;
				GCC_WARN_UNUSED_VARIABLE = YES;
				IPHONEOS_DEPLOYMENT_TARGET = 8.4;
				MTL_ENABLE_DEBUG_INFO = YES;
				ONLY_ACTIVE_ARCH = YES;
				SDKROOT = iphoneos;
			};
			name = Debug;
		};
		D3CA2E481B72DBF800D77292 /* Release */ = {
			isa = XCBuildConfiguration;
			buildSettings = {
				ALWAYS_SEARCH_USER_PATHS = NO;
				CLANG_CXX_LANGUAGE_STANDARD = "gnu++0x";
				CLANG_CXX_LIBRARY = "libc++";
				CLANG_ENABLE_MODULES = YES;
				CLANG_ENABLE_OBJC_ARC = YES;
				CLANG_WARN_BOOL_CONVERSION = YES;
				CLANG_WARN_CONSTANT_CONVERSION = YES;
				CLANG_WARN_DIRECT_OBJC_ISA_USAGE = YES_ERROR;
				CLANG_WARN_EMPTY_BODY = YES;
				CLANG_WARN_ENUM_CONVERSION = YES;
				CLANG_WARN_INT_CONVERSION = YES;
				CLANG_WARN_OBJC_ROOT_CLASS = YES_ERROR;
				CLANG_WARN_UNREACHABLE_CODE = YES;
				CLANG_WARN__DUPLICATE_METHOD_MATCH = YES;
				"CODE_SIGN_IDENTITY[sdk=iphoneos*]" = "iPhone Developer";
				COPY_PHASE_STRIP = NO;
				DEBUG_INFORMATION_FORMAT = "dwarf-with-dsym";
				ENABLE_NS_ASSERTIONS = NO;
				ENABLE_STRICT_OBJC_MSGSEND = YES;
				GCC_C_LANGUAGE_STANDARD = gnu99;
				GCC_NO_COMMON_BLOCKS = YES;
				GCC_WARN_64_TO_32_BIT_CONVERSION = YES;
				GCC_WARN_ABOUT_RETURN_TYPE = YES_ERROR;
				GCC_WARN_UNDECLARED_SELECTOR = YES;
				GCC_WARN_UNINITIALIZED_AUTOS = YES_AGGRESSIVE;
				GCC_WARN_UNUSED_FUNCTION = YES;
				GCC_WARN_UNUSED_VARIABLE = YES;
				IPHONEOS_DEPLOYMENT_TARGET = 8.4;
				MTL_ENABLE_DEBUG_INFO = NO;
				SDKROOT = iphoneos;
				VALIDATE_PRODUCT = YES;
			};
			name = Release;
		};
		D3CA2E4A1B72DBF800D77292 /* Debug */ = {
			isa = XCBuildConfiguration;
			buildSettings = {
				ASSETCATALOG_COMPILER_APPICON_NAME = AppIcon;
				INFOPLIST_FILE = ImageSearch/Info.plist;
				LD_RUNPATH_SEARCH_PATHS = "$(inherited) @executable_path/Frameworks";
				PRODUCT_NAME = "$(TARGET_NAME)";
			};
			name = Debug;
		};
		D3CA2E4B1B72DBF800D77292 /* Release */ = {
			isa = XCBuildConfiguration;
			buildSettings = {
				ASSETCATALOG_COMPILER_APPICON_NAME = AppIcon;
				INFOPLIST_FILE = ImageSearch/Info.plist;
				LD_RUNPATH_SEARCH_PATHS = "$(inherited) @executable_path/Frameworks";
				PRODUCT_NAME = "$(TARGET_NAME)";
			};
			name = Release;
		};
		D3CA2E4D1B72DBF800D77292 /* Debug */ = {
			isa = XCBuildConfiguration;
			buildSettings = {
				BUNDLE_LOADER = "$(TEST_HOST)";
				FRAMEWORK_SEARCH_PATHS = (
					"$(SDKROOT)/Developer/Library/Frameworks",
					"$(inherited)",
				);
				GCC_PREPROCESSOR_DEFINITIONS = (
					"DEBUG=1",
					"$(inherited)",
				);
				INFOPLIST_FILE = ImageSearchTests/Info.plist;
				LD_RUNPATH_SEARCH_PATHS = "$(inherited) @executable_path/Frameworks @loader_path/Frameworks";
				PRODUCT_NAME = "$(TARGET_NAME)";
				TEST_HOST = "$(BUILT_PRODUCTS_DIR)/ImageSearch.app/ImageSearch";
			};
			name = Debug;
		};
		D3CA2E4E1B72DBF800D77292 /* Release */ = {
			isa = XCBuildConfiguration;
			buildSettings = {
				BUNDLE_LOADER = "$(TEST_HOST)";
				FRAMEWORK_SEARCH_PATHS = (
					"$(SDKROOT)/Developer/Library/Frameworks",
					"$(inherited)",
				);
				INFOPLIST_FILE = ImageSearchTests/Info.plist;
				LD_RUNPATH_SEARCH_PATHS = "$(inherited) @executable_path/Frameworks @loader_path/Frameworks";
				PRODUCT_NAME = "$(TARGET_NAME)";
				TEST_HOST = "$(BUILT_PRODUCTS_DIR)/ImageSearch.app/ImageSearch";
			};
			name = Release;
		};
/* End XCBuildConfiguration section */

/* Begin XCConfigurationList section */
		D3CA2E211B72DBF800D77292 /* Build configuration list for PBXProject "ImageSearch" */ = {
			isa = XCConfigurationList;
			buildConfigurations = (
				D3CA2E471B72DBF800D77292 /* Debug */,
				D3CA2E481B72DBF800D77292 /* Release */,
			);
			defaultConfigurationIsVisible = 0;
			defaultConfigurationName = Release;
		};
		D3CA2E491B72DBF800D77292 /* Build configuration list for PBXNativeTarget "ImageSearch" */ = {
			isa = XCConfigurationList;
			buildConfigurations = (
				D3CA2E4A1B72DBF800D77292 /* Debug */,
				D3CA2E4B1B72DBF800D77292 /* Release */,
			);
			defaultConfigurationIsVisible = 0;
			defaultConfigurationName = Release;
		};
		D3CA2E4C1B72DBF800D77292 /* Build configuration list for PBXNativeTarget "ImageSearchTests" */ = {
			isa = XCConfigurationList;
			buildConfigurations = (
				D3CA2E4D1B72DBF800D77292 /* Debug */,
				D3CA2E4E1B72DBF800D77292 /* Release */,
			);
			defaultConfigurationIsVisible = 0;
			defaultConfigurationName = Release;
		};
/* End XCConfigurationList section */
	};
	rootObject = D3CA2E1E1B72DBF800D77292 /* Project object */;
}
